github.com/yeungsean/ysq v1.0.0 h1:DOHVcJ8YxJalWdjJbEqm7xqxPGe01JJxnX9nfVI3+nI=
github.com/yeungsean/ysq v1.0.0/go.mod h1:QUEBg2hKi+ChvTiS9G333FYLNlNiXS6Be6IflJQ15BM=
golang.org/x/exp v0.0.0-20221004215720-b9f4876ce741 h1:fGZugkZk2UgYBxtpKmvub51Yno1LJDeEsRp2xGD+0gY=
golang.org/x/exp v0.0.0-20221004215720-b9f4876ce741/go.mod h1:cyybsKvd6eL0RnXn6p/Grxp8F5bW7iYuBgsNCOHpMYE=
